
Microsoft Visual Studio Solution File, Format Version 12.00
Project("{FAE04EC0-301F-11D3-BF4B-00C04F79EFBC}") = "ApiSports.Sdk.Core", "src\ApiSports.Sdk.Core\ApiSports.Sdk.Core.csproj", "{5D47AF11-4A16-454D-A4FC-8CEE86DC2F86}"
EndProject
Project("{FAE04EC0-301F-11D3-BF4B-00C04F79EFBC}") = "ApiSports.Sdk.Abstractions", "src\ApiSports.Sdk.Abstractions\ApiSports.Sdk.Abstractions.csproj", "{EF225AC7-18F7-4AD2-B105-41CC22135E04}"
EndProject
Project("{2150E333-8FDC-42A3-9474-1A3956D46DE8}") = "src", "src", "{D5EC93CF-71DC-45B0-A8E6-88A69D0301E6}"
EndProject
Project("{2150E333-8FDC-42A3-9474-1A3956D46DE8}") = "samples", "samples", "{1CE83C2B-30DA-4CF3-A2A3-BEA553755465}"
EndProject
Project("{FAE04EC0-301F-11D3-BF4B-00C04F79EFBC}") = "SampleConsole", "samples\SampleConsole\SampleConsole.csproj", "{66F6B684-3A00-4B86-AD28-9E4D722BF369}"
EndProject
Project("{FAE04EC0-301F-11D3-BF4B-00C04F79EFBC}") = "ApiSports.Sdk.Football", "src\ApiSports.Sdk.Football\ApiSports.Sdk.Football.csproj", "{476903F1-9010-4CFA-957C-397A466D2A89}"
EndProject
Project("{2150E333-8FDC-42A3-9474-1A3956D46DE8}") = "tests", "tests", "{99EC29B2-FB3A-4C5E-855B-B6C6D75E4805}"
EndProject
Project("{FAE04EC0-301F-11D3-BF4B-00C04F79EFBC}") = "ApiSports.Sdk.Football.Tests", "tests\ApiSports.Sdk.Football.Tests\ApiSports.Sdk.Football.Tests.csproj", "{168B7E9B-DF95-4E61-ACF4-5DE0B5D588A6}"
EndProject
Project("{FAE04EC0-301F-11D3-BF4B-00C04F79EFBC}") = "ApiSports.Sdk.Formula1", "src\ApiSports.Sdk.Formula1\ApiSports.Sdk.Formula1.csproj", "{B3DE88F2-6B08-4FDD-863A-BF803BBA9FAC}"
EndProject
Project("{FAE04EC0-301F-11D3-BF4B-00C04F79EFBC}") = "ApiSports.Sdk.Formula1.Tests", "tests\ApiSports.Sdk.Formula1.Tests\ApiSports.Sdk.Formula1.Tests.csproj", "{CD0A7D60-5CA0-44E0-9B6D-BEC09FEF1F67}"
EndProject
Project("{FAE04EC0-301F-11D3-BF4B-00C04F79EFBC}") = "ApiSports.Sdk.Logging.Microsoft", "src\ApiSports.Sdk.Logging.Microsoft\ApiSports.Sdk.Logging.Microsoft.csproj", "{0C5AD60A-0E41-4C7D-AC13-1E0C7FAB2925}"
EndProject
Global
	GlobalSection(SolutionConfigurationPlatforms) = preSolution
		Debug|Any CPU = Debug|Any CPU
		Debug|x64 = Debug|x64
		Debug|x86 = Debug|x86
		Release|Any CPU = Release|Any CPU
		Release|x64 = Release|x64
		Release|x86 = Release|x86
	EndGlobalSection
	GlobalSection(ProjectConfigurationPlatforms) = postSolution
		{5D47AF11-4A16-454D-A4FC-8CEE86DC2F86}.Debug|Any CPU.ActiveCfg = Debug|Any CPU
		{5D47AF11-4A16-454D-A4FC-8CEE86DC2F86}.Debug|Any CPU.Build.0 = Debug|Any CPU
		{5D47AF11-4A16-454D-A4FC-8CEE86DC2F86}.Debug|x64.ActiveCfg = Debug|Any CPU
		{5D47AF11-4A16-454D-A4FC-8CEE86DC2F86}.Debug|x64.Build.0 = Debug|Any CPU
		{5D47AF11-4A16-454D-A4FC-8CEE86DC2F86}.Debug|x86.ActiveCfg = Debug|Any CPU
		{5D47AF11-4A16-454D-A4FC-8CEE86DC2F86}.Debug|x86.Build.0 = Debug|Any CPU
		{5D47AF11-4A16-454D-A4FC-8CEE86DC2F86}.Release|Any CPU.ActiveCfg = Release|Any CPU
		{5D47AF11-4A16-454D-A4FC-8CEE86DC2F86}.Release|Any CPU.Build.0 = Release|Any CPU
		{5D47AF11-4A16-454D-A4FC-8CEE86DC2F86}.Release|x64.ActiveCfg = Release|Any CPU
		{5D47AF11-4A16-454D-A4FC-8CEE86DC2F86}.Release|x64.Build.0 = Release|Any CPU
		{5D47AF11-4A16-454D-A4FC-8CEE86DC2F86}.Release|x86.ActiveCfg = Release|Any CPU
		{5D47AF11-4A16-454D-A4FC-8CEE86DC2F86}.Release|x86.Build.0 = Release|Any CPU
		{EF225AC7-18F7-4AD2-B105-41CC22135E04}.Debug|Any CPU.ActiveCfg = Debug|Any CPU
		{EF225AC7-18F7-4AD2-B105-41CC22135E04}.Debug|Any CPU.Build.0 = Debug|Any CPU
		{EF225AC7-18F7-4AD2-B105-41CC22135E04}.Debug|x64.ActiveCfg = Debug|Any CPU
		{EF225AC7-18F7-4AD2-B105-41CC22135E04}.Debug|x64.Build.0 = Debug|Any CPU
		{EF225AC7-18F7-4AD2-B105-41CC22135E04}.Debug|x86.ActiveCfg = Debug|Any CPU
		{EF225AC7-18F7-4AD2-B105-41CC22135E04}.Debug|x86.Build.0 = Debug|Any CPU
		{EF225AC7-18F7-4AD2-B105-41CC22135E04}.Release|Any CPU.ActiveCfg = Release|Any CPU
		{EF225AC7-18F7-4AD2-B105-41CC22135E04}.Release|Any CPU.Build.0 = Release|Any CPU
		{EF225AC7-18F7-4AD2-B105-41CC22135E04}.Release|x64.ActiveCfg = Release|Any CPU
		{EF225AC7-18F7-4AD2-B105-41CC22135E04}.Release|x64.Build.0 = Release|Any CPU
		{EF225AC7-18F7-4AD2-B105-41CC22135E04}.Release|x86.ActiveCfg = Release|Any CPU
		{EF225AC7-18F7-4AD2-B105-41CC22135E04}.Release|x86.Build.0 = Release|Any CPU
		{66F6B684-3A00-4B86-AD28-9E4D722BF369}.Debug|Any CPU.ActiveCfg = Debug|Any CPU
		{66F6B684-3A00-4B86-AD28-9E4D722BF369}.Debug|Any CPU.Build.0 = Debug|Any CPU
		{66F6B684-3A00-4B86-AD28-9E4D722BF369}.Debug|x64.ActiveCfg = Debug|Any CPU
		{66F6B684-3A00-4B86-AD28-9E4D722BF369}.Debug|x64.Build.0 = Debug|Any CPU
		{66F6B684-3A00-4B86-AD28-9E4D722BF369}.Debug|x86.ActiveCfg = Debug|Any CPU
		{66F6B684-3A00-4B86-AD28-9E4D722BF369}.Debug|x86.Build.0 = Debug|Any CPU
		{66F6B684-3A00-4B86-AD28-9E4D722BF369}.Release|Any CPU.ActiveCfg = Release|Any CPU
		{66F6B684-3A00-4B86-AD28-9E4D722BF369}.Release|Any CPU.Build.0 = Release|Any CPU
		{66F6B684-3A00-4B86-AD28-9E4D722BF369}.Release|x64.ActiveCfg = Release|Any CPU
		{66F6B684-3A00-4B86-AD28-9E4D722BF369}.Release|x64.Build.0 = Release|Any CPU
		{66F6B684-3A00-4B86-AD28-9E4D722BF369}.Release|x86.ActiveCfg = Release|Any CPU
		{66F6B684-3A00-4B86-AD28-9E4D722BF369}.Release|x86.Build.0 = Release|Any CPU
		{476903F1-9010-4CFA-957C-397A466D2A89}.Debug|Any CPU.ActiveCfg = Debug|Any CPU
		{476903F1-9010-4CFA-957C-397A466D2A89}.Debug|Any CPU.Build.0 = Debug|Any CPU
		{476903F1-9010-4CFA-957C-397A466D2A89}.Debug|x64.ActiveCfg = Debug|Any CPU
		{476903F1-9010-4CFA-957C-397A466D2A89}.Debug|x64.Build.0 = Debug|Any CPU
		{476903F1-9010-4CFA-957C-397A466D2A89}.Debug|x86.ActiveCfg = Debug|Any CPU
		{476903F1-9010-4CFA-957C-397A466D2A89}.Debug|x86.Build.0 = Debug|Any CPU
		{476903F1-9010-4CFA-957C-397A466D2A89}.Release|Any CPU.ActiveCfg = Release|Any CPU
		{476903F1-9010-4CFA-957C-397A466D2A89}.Release|Any CPU.Build.0 = Release|Any CPU
		{476903F1-9010-4CFA-957C-397A466D2A89}.Release|x64.ActiveCfg = Release|Any CPU
		{476903F1-9010-4CFA-957C-397A466D2A89}.Release|x64.Build.0 = Release|Any CPU
		{476903F1-9010-4CFA-957C-397A466D2A89}.Release|x86.ActiveCfg = Release|Any CPU
		{476903F1-9010-4CFA-957C-397A466D2A89}.Release|x86.Build.0 = Release|Any CPU
		{168B7E9B-DF95-4E61-ACF4-5DE0B5D588A6}.Debug|Any CPU.ActiveCfg = Debug|Any CPU
		{168B7E9B-DF95-4E61-ACF4-5DE0B5D588A6}.Debug|Any CPU.Build.0 = Debug|Any CPU
		{168B7E9B-DF95-4E61-ACF4-5DE0B5D588A6}.Debug|x64.ActiveCfg = Debug|Any CPU
		{168B7E9B-DF95-4E61-ACF4-5DE0B5D588A6}.Debug|x64.Build.0 = Debug|Any CPU
		{168B7E9B-DF95-4E61-ACF4-5DE0B5D588A6}.Debug|x86.ActiveCfg = Debug|Any CPU
		{168B7E9B-DF95-4E61-ACF4-5DE0B5D588A6}.Debug|x86.Build.0 = Debug|Any CPU
		{168B7E9B-DF95-4E61-ACF4-5DE0B5D588A6}.Release|Any CPU.ActiveCfg = Release|Any CPU
		{168B7E9B-DF95-4E61-ACF4-5DE0B5D588A6}.Release|Any CPU.Build.0 = Release|Any CPU
		{168B7E9B-DF95-4E61-ACF4-5DE0B5D588A6}.Release|x64.ActiveCfg = Release|Any CPU
		{168B7E9B-DF95-4E61-ACF4-5DE0B5D588A6}.Release|x64.Build.0 = Release|Any CPU
		{168B7E9B-DF95-4E61-ACF4-5DE0B5D588A6}.Release|x86.ActiveCfg = Release|Any CPU
		{168B7E9B-DF95-4E61-ACF4-5DE0B5D588A6}.Release|x86.Build.0 = Release|Any CPU
		{B3DE88F2-6B08-4FDD-863A-BF803BBA9FAC}.Debug|Any CPU.ActiveCfg = Debug|Any CPU
		{B3DE88F2-6B08-4FDD-863A-BF803BBA9FAC}.Debug|Any CPU.Build.0 = Debug|Any CPU
		{B3DE88F2-6B08-4FDD-863A-BF803BBA9FAC}.Debug|x64.ActiveCfg = Debug|Any CPU
		{B3DE88F2-6B08-4FDD-863A-BF803BBA9FAC}.Debug|x64.Build.0 = Debug|Any CPU
		{B3DE88F2-6B08-4FDD-863A-BF803BBA9FAC}.Debug|x86.ActiveCfg = Debug|Any CPU
		{B3DE88F2-6B08-4FDD-863A-BF803BBA9FAC}.Debug|x86.Build.0 = Debug|Any CPU
		{B3DE88F2-6B08-4FDD-863A-BF803BBA9FAC}.Release|Any CPU.ActiveCfg = Release|Any CPU
		{B3DE88F2-6B08-4FDD-863A-BF803BBA9FAC}.Release|Any CPU.Build.0 = Release|Any CPU
		{B3DE88F2-6B08-4FDD-863A-BF803BBA9FAC}.Release|x64.ActiveCfg = Release|Any CPU
		{B3DE88F2-6B08-4FDD-863A-BF803BBA9FAC}.Release|x64.Build.0 = Release|Any CPU
		{B3DE88F2-6B08-4FDD-863A-BF803BBA9FAC}.Release|x86.ActiveCfg = Release|Any CPU
		{B3DE88F2-6B08-4FDD-863A-BF803BBA9FAC}.Release|x86.Build.0 = Release|Any CPU
		{CD0A7D60-5CA0-44E0-9B6D-BEC09FEF1F67}.Debug|Any CPU.ActiveCfg = Debug|Any CPU
		{CD0A7D60-5CA0-44E0-9B6D-BEC09FEF1F67}.Debug|Any CPU.Build.0 = Debug|Any CPU
		{CD0A7D60-5CA0-44E0-9B6D-BEC09FEF1F67}.Debug|x64.ActiveCfg = Debug|Any CPU
		{CD0A7D60-5CA0-44E0-9B6D-BEC09FEF1F67}.Debug|x64.Build.0 = Debug|Any CPU
		{CD0A7D60-5CA0-44E0-9B6D-BEC09FEF1F67}.Debug|x86.ActiveCfg = Debug|Any CPU
		{CD0A7D60-5CA0-44E0-9B6D-BEC09FEF1F67}.Debug|x86.Build.0 = Debug|Any CPU
		{CD0A7D60-5CA0-44E0-9B6D-BEC09FEF1F67}.Release|Any CPU.ActiveCfg = Release|Any CPU
		{CD0A7D60-5CA0-44E0-9B6D-BEC09FEF1F67}.Release|Any CPU.Build.0 = Release|Any CPU
		{CD0A7D60-5CA0-44E0-9B6D-BEC09FEF1F67}.Release|x64.ActiveCfg = Release|Any CPU
		{CD0A7D60-5CA0-44E0-9B6D-BEC09FEF1F67}.Release|x64.Build.0 = Release|Any CPU
		{CD0A7D60-5CA0-44E0-9B6D-BEC09FEF1F67}.Release|x86.ActiveCfg = Release|Any CPU
		{CD0A7D60-5CA0-44E0-9B6D-BEC09FEF1F67}.Release|x86.Build.0 = Release|Any CPU
		{0C5AD60A-0E41-4C7D-AC13-1E0C7FAB2925}.Debug|Any CPU.ActiveCfg = Debug|Any CPU
		{0C5AD60A-0E41-4C7D-AC13-1E0C7FAB2925}.Debug|Any CPU.Build.0 = Debug|Any CPU
		{0C5AD60A-0E41-4C7D-AC13-1E0C7FAB2925}.Debug|x64.ActiveCfg = Debug|Any CPU
		{0C5AD60A-0E41-4C7D-AC13-1E0C7FAB2925}.Debug|x64.Build.0 = Debug|Any CPU
		{0C5AD60A-0E41-4C7D-AC13-1E0C7FAB2925}.Debug|x86.ActiveCfg = Debug|Any CPU
		{0C5AD60A-0E41-4C7D-AC13-1E0C7FAB2925}.Debug|x86.Build.0 = Debug|Any CPU
		{0C5AD60A-0E41-4C7D-AC13-1E0C7FAB2925}.Release|Any CPU.ActiveCfg = Release|Any CPU
		{0C5AD60A-0E41-4C7D-AC13-1E0C7FAB2925}.Release|Any CPU.Build.0 = Release|Any CPU
		{0C5AD60A-0E41-4C7D-AC13-1E0C7FAB2925}.Release|x64.ActiveCfg = Release|Any CPU
		{0C5AD60A-0E41-4C7D-AC13-1E0C7FAB2925}.Release|x64.Build.0 = Release|Any CPU
		{0C5AD60A-0E41-4C7D-AC13-1E0C7FAB2925}.Release|x86.ActiveCfg = Release|Any CPU
		{0C5AD60A-0E41-4C7D-AC13-1E0C7FAB2925}.Release|x86.Build.0 = Release|Any CPU
	EndGlobalSection
	GlobalSection(SolutionProperties) = preSolution
		HideSolutionNode = FALSE
	EndGlobalSection
	GlobalSection(NestedProjects) = preSolution
		{5D47AF11-4A16-454D-A4FC-8CEE86DC2F86} = {D5EC93CF-71DC-45B0-A8E6-88A69D0301E6}
		{EF225AC7-18F7-4AD2-B105-41CC22135E04} = {D5EC93CF-71DC-45B0-A8E6-88A69D0301E6}
		{66F6B684-3A00-4B86-AD28-9E4D722BF369} = {1CE83C2B-30DA-4CF3-A2A3-BEA553755465}
		{476903F1-9010-4CFA-957C-397A466D2A89} = {D5EC93CF-71DC-45B0-A8E6-88A69D0301E6}
		{168B7E9B-DF95-4E61-ACF4-5DE0B5D588A6} = {99EC29B2-FB3A-4C5E-855B-B6C6D75E4805}
		{B3DE88F2-6B08-4FDD-863A-BF803BBA9FAC} = {D5EC93CF-71DC-45B0-A8E6-88A69D0301E6}
		{CD0A7D60-5CA0-44E0-9B6D-BEC09FEF1F67} = {99EC29B2-FB3A-4C5E-855B-B6C6D75E4805}
		{0C5AD60A-0E41-4C7D-AC13-1E0C7FAB2925} = {D5EC93CF-71DC-45B0-A8E6-88A69D0301E6}
	EndGlobalSection
EndGlobal
